
Microsoft Visual Studio Solution File, Format Version 12.00
# Visual Studio Version 17
VisualStudioVersion = 17.0.31903.59
MinimumVisualStudioVersion = 10.0.40219.1
Project("{2150E333-8FDC-42A3-9474-1A3956D46DE8}") = "src", "src", "{AF763A17-9EEA-4408-A048-C759EC1DAD1F}"
EndProject
Project("{FAE04EC0-301F-11D3-BF4B-00C04F79EFBC}") = "CleanC.App", "src\CleanC.App\CleanC.App.csproj", "{528587B4-CF0B-4DF4-BF05-A3CC77103DEF}"
EndProject
Project("{FAE04EC0-301F-11D3-BF4B-00C04F79EFBC}") = "CleanC.Cleaner", "src\CleanC.Cleaner\CleanC.Cleaner.csproj", "{2977BEC9-7521-4C09-B419-C70E95938569}"
EndProject
Project("{FAE04EC0-301F-11D3-BF4B-00C04F79EFBC}") = "CleanC.Core", "src\CleanC.Core\CleanC.Core.csproj", "{C8BE6920-0A7E-41D3-B35F-26878CD3B188}"
EndProject
Project("{FAE04EC0-301F-11D3-BF4B-00C04F79EFBC}") = "CleanC.Licensing", "src\CleanC.Licensing\CleanC.Licensing.csproj", "{946BF7C4-FBF4-4ACA-8919-24EEC4413ACD}"
EndProject
Project("{FAE04EC0-301F-11D3-BF4B-00C04F79EFBC}") = "CleanC.Logging", "src\CleanC.Logging\CleanC.Logging.csproj", "{77A8ACCC-EDC3-4147-BC36-F6CA7253F9F8}"
EndProject
Project("{FAE04EC0-301F-11D3-BF4B-00C04F79EFBC}") = "CleanC.Repair", "src\CleanC.Repair\CleanC.Repair.csproj", "{DD48F507-F58F-4706-89C3-5240EACD61C4}"
EndProject
Project("{FAE04EC0-301F-11D3-BF4B-00C04F79EFBC}") = "CleanC.Scanner", "src\CleanC.Scanner\CleanC.Scanner.csproj", "{4982FCB0-0E2F-4B18-A474-D4C364393E62}"
EndProject
Project("{2150E333-8FDC-42A3-9474-1A3956D46DE8}") = "tests", "tests", "{6FCDB724-F8C5-4281-B5DD-3167B4E627D6}"
EndProject
Project("{FAE04EC0-301F-11D3-BF4B-00C04F79EFBC}") = "CleanC.Tests", "tests\CleanC.Tests\CleanC.Tests.csproj", "{AE1024EC-FB7E-4294-B083-B9DD5D67F18A}"
EndProject
Global
	GlobalSection(SolutionConfigurationPlatforms) = preSolution
		Debug|Any CPU = Debug|Any CPU
		Release|Any CPU = Release|Any CPU
	EndGlobalSection
	GlobalSection(SolutionProperties) = preSolution
		HideSolutionNode = FALSE
	EndGlobalSection
	GlobalSection(ProjectConfigurationPlatforms) = postSolution
		{528587B4-CF0B-4DF4-BF05-A3CC77103DEF}.Debug|Any CPU.ActiveCfg = Debug|x64
		{528587B4-CF0B-4DF4-BF05-A3CC77103DEF}.Debug|Any CPU.Build.0 = Debug|x64
		{528587B4-CF0B-4DF4-BF05-A3CC77103DEF}.Release|Any CPU.ActiveCfg = Release|x64
		{528587B4-CF0B-4DF4-BF05-A3CC77103DEF}.Release|Any CPU.Build.0 = Release|x64
		{2977BEC9-7521-4C09-B419-C70E95938569}.Debug|Any CPU.ActiveCfg = Debug|Any CPU
		{2977BEC9-7521-4C09-B419-C70E95938569}.Debug|Any CPU.Build.0 = Debug|Any CPU
		{2977BEC9-7521-4C09-B419-C70E95938569}.Release|Any CPU.ActiveCfg = Release|Any CPU
		{2977BEC9-7521-4C09-B419-C70E95938569}.Release|Any CPU.Build.0 = Release|Any CPU
		{C8BE6920-0A7E-41D3-B35F-26878CD3B188}.Debug|Any CPU.ActiveCfg = Debug|Any CPU
		{C8BE6920-0A7E-41D3-B35F-26878CD3B188}.Debug|Any CPU.Build.0 = Debug|Any CPU
		{C8BE6920-0A7E-41D3-B35F-26878CD3B188}.Release|Any CPU.ActiveCfg = Release|Any CPU
		{C8BE6920-0A7E-41D3-B35F-26878CD3B188}.Release|Any CPU.Build.0 = Release|Any CPU
		{946BF7C4-FBF4-4ACA-8919-24EEC4413ACD}.Debug|Any CPU.ActiveCfg = Debug|Any CPU
		{946BF7C4-FBF4-4ACA-8919-24EEC4413ACD}.Debug|Any CPU.Build.0 = Debug|Any CPU
		{946BF7C4-FBF4-4ACA-8919-24EEC4413ACD}.Release|Any CPU.ActiveCfg = Release|Any CPU
		{946BF7C4-FBF4-4ACA-8919-24EEC4413ACD}.Release|Any CPU.Build.0 = Release|Any CPU
		{77A8ACCC-EDC3-4147-BC36-F6CA7253F9F8}.Debug|Any CPU.ActiveCfg = Debug|Any CPU
		{77A8ACCC-EDC3-4147-BC36-F6CA7253F9F8}.Debug|Any CPU.Build.0 = Debug|Any CPU
		{77A8ACCC-EDC3-4147-BC36-F6CA7253F9F8}.Release|Any CPU.ActiveCfg = Release|Any CPU
		{77A8ACCC-EDC3-4147-BC36-F6CA7253F9F8}.Release|Any CPU.Build.0 = Release|Any CPU
		{DD48F507-F58F-4706-89C3-5240EACD61C4}.Debug|Any CPU.ActiveCfg = Debug|Any CPU
		{DD48F507-F58F-4706-89C3-5240EACD61C4}.Debug|Any CPU.Build.0 = Debug|Any CPU
		{DD48F507-F58F-4706-89C3-5240EACD61C4}.Release|Any CPU.ActiveCfg = Release|Any CPU
		{DD48F507-F58F-4706-89C3-5240EACD61C4}.Release|Any CPU.Build.0 = Release|Any CPU
		{4982FCB0-0E2F-4B18-A474-D4C364393E62}.Debug|Any CPU.ActiveCfg = Debug|Any CPU
		{4982FCB0-0E2F-4B18-A474-D4C364393E62}.Debug|Any CPU.Build.0 = Debug|Any CPU
		{4982FCB0-0E2F-4B18-A474-D4C364393E62}.Release|Any CPU.ActiveCfg = Release|Any CPU
		{4982FCB0-0E2F-4B18-A474-D4C364393E62}.Release|Any CPU.Build.0 = Release|Any CPU
		{AE1024EC-FB7E-4294-B083-B9DD5D67F18A}.Debug|Any CPU.ActiveCfg = Debug|Any CPU
		{AE1024EC-FB7E-4294-B083-B9DD5D67F18A}.Debug|Any CPU.Build.0 = Debug|Any CPU
		{AE1024EC-FB7E-4294-B083-B9DD5D67F18A}.Release|Any CPU.ActiveCfg = Release|Any CPU
		{AE1024EC-FB7E-4294-B083-B9DD5D67F18A}.Release|Any CPU.Build.0 = Release|Any CPU
	EndGlobalSection
	GlobalSection(NestedProjects) = preSolution
		{528587B4-CF0B-4DF4-BF05-A3CC77103DEF} = {AF763A17-9EEA-4408-A048-C759EC1DAD1F}
		{2977BEC9-7521-4C09-B419-C70E95938569} = {AF763A17-9EEA-4408-A048-C759EC1DAD1F}
		{C8BE6920-0A7E-41D3-B35F-26878CD3B188} = {AF763A17-9EEA-4408-A048-C759EC1DAD1F}
		{946BF7C4-FBF4-4ACA-8919-24EEC4413ACD} = {AF763A17-9EEA-4408-A048-C759EC1DAD1F}
		{77A8ACCC-EDC3-4147-BC36-F6CA7253F9F8} = {AF763A17-9EEA-4408-A048-C759EC1DAD1F}
		{DD48F507-F58F-4706-89C3-5240EACD61C4} = {AF763A17-9EEA-4408-A048-C759EC1DAD1F}
		{4982FCB0-0E2F-4B18-A474-D4C364393E62} = {AF763A17-9EEA-4408-A048-C759EC1DAD1F}
		{AE1024EC-FB7E-4294-B083-B9DD5D67F18A} = {6FCDB724-F8C5-4281-B5DD-3167B4E627D6}
	EndGlobalSection
EndGlobal
